{
  "name": "cdk",
  "lockfileVersion": 3,
  "requires": true,
  "packages": {
    "": {
      "dependencies": {
        "barkbase-cdk": "file:../.."
      }
    },
    "../..": {
      "name": "barkbase-cdk",
      "version": "1.0.0",
      "dependencies": {
        "aws-cdk-lib": "^2.147.3",
        "constructs": "^10.0.0",
        "dotenv": "^17.2.3",
        "jwt-decode": "^4.0.0"
      },
      "devDependencies": {
        "@types/node": "20.12.7",
        "aws-cdk": "^2.147.3",
        "ts-node": "^10.9.2",
        "typescript": "~5.4.5"
      }
    },
    "node_modules/barkbase-cdk": {
      "resolved": "../..",
      "link": true
    }
  }
}
